// !$*UTF8*$!
{
	archiveVersion = 1;
	classes = {
	};
	objectVersion = 46;
	objects = {

/* Begin PBXBuildFile section */
		792A934D1E55CC740032D746 /* Stack.c in Sources */ = {isa = PBXBuildFile; fileRef = 792A934B1E55CC740032D746 /* Stack.c */; };
		792A93501E55D4650032D746 /* LinkedList.c in Sources */ = {isa = PBXBuildFile; fileRef = 792A934E1E55D4650032D746 /* LinkedList.c */; };
		792A93531E55D75A0032D746 /* Queue.c in Sources */ = {isa = PBXBuildFile; fileRef = 792A93511E55D75A0032D746 /* Queue.c */; };
		79FC43D71E4AEF21006F1FC0 /* main.c in Sources */ = {isa = PBXBuildFile; fileRef = 79FC43D61E4AEF21006F1FC0 /* main.c */; };
/* End PBXBuildFile section */

/* Begin PBXCopyFilesBuildPhase section */
		79FC43D11E4AEF21006F1FC0 /* CopyFiles */ = {
			isa = PBXCopyFilesBuildPhase;
			buildActionMask = 2147483647;
			dstPath = /usr/share/man/man1/;
			dstSubfolderSpec = 0;
			files = (
			);
			runOnlyForDeploymentPostprocessing = 1;
		};
/* End PBXCopyFilesBuildPhase section */

/* Begin PBXFileReference section */
		792A934B1E55CC740032D746 /* Stack.c */ = {isa = PBXFileReference; fileEncoding = 4; lastKnownFileType = sourcecode.c.c; path = Stack.c; sourceTree = "<group>"; };
		792A934C1E55CC740032D746 /* Stack.h */ = {isa = PBXFileReference; fileEncoding = 4; lastKnownFileType = sourcecode.c.h; path = Stack.h; sourceTree = "<group>"; };
		792A934E1E55D4650032D746 /* LinkedList.c */ = {isa = PBXFileReference; fileEncoding = 4; lastKnownFileType = sourcecode.c.c; path = LinkedList.c; sourceTree = "<group>"; };
		792A934F1E55D4650032D746 /* LinkedList.h */ = {isa = PBXFileReference; fileEncoding = 4; lastKnownFileType = sourcecode.c.h; path = LinkedList.h; sourceTree = "<group>"; };
		792A93511E55D75A0032D746 /* Queue.c */ = {isa = PBXFileReference; fileEncoding = 4; lastKnownFileType = sourcecode.c.c; path = Queue.c; sourceTree = "<group>"; };
		792A93521E55D75A0032D746 /* Queue.h */ = {isa = PBXFileReference; fileEncoding = 4; lastKnownFileType = sourcecode.c.h; path = Queue.h; sourceTree = "<group>"; };
		792A93541E55D7B30032D746 /* Header.h */ = {isa = PBXFileReference; lastKnownFileType = sourcecode.c.h; path = Header.h; sourceTree = "<group>"; };
		79FC43D31E4AEF21006F1FC0 /* TEST-DS */ = {isa = PBXFileReference; explicitFileType = "compiled.mach-o.executable"; includeInIndex = 0; path = "TEST-DS"; sourceTree = BUILT_PRODUCTS_DIR; };
		79FC43D61E4AEF21006F1FC0 /* main.c */ = {isa = PBXFileReference; lastKnownFileType = sourcecode.c.c; path = main.c; sourceTree = "<group>"; };
/* End PBXFileReference section */

/* Begin PBXFrameworksBuildPhase section */
		79FC43D01E4AEF21006F1FC0 /* Frameworks */ = {
			isa = PBXFrameworksBuildPhase;
			buildActionMask = 2147483647;
			files = (
			);
			runOnlyForDeploymentPostprocessing = 0;
		};
/* End PBXFrameworksBuildPhase section */

/* Begin PBXGroup section */
		79FC43CA1E4AEF21006F1FC0 = {
			isa = PBXGroup;
			children = (
				79FC43D51E4AEF21006F1FC0 /* TEST-DS */,
				79FC43D41E4AEF21006F1FC0 /* Products */,
			);
			sourceTree = "<group>";
		};
		79FC43D41E4AEF21006F1FC0 /* Products */ = {
			isa = PBXGroup;
			children = (
				79FC43D31E4AEF21006F1FC0 /* TEST-DS */,
			);
			name = Products;
			sourceTree = "<group>";
		};
		79FC43D51E4AEF21006F1FC0 /* TEST-DS */ = {
			isa = PBXGroup;
			children = (
				79FC43D61E4AEF21006F1FC0 /* main.c */,
				792A93541E55D7B30032D746 /* Header.h */,
				792A934B1E55CC740032D746 /* Stack.c */,
				792A934C1E55CC740032D746 /* Stack.h */,
				792A934E1E55D4650032D746 /* LinkedList.c */,
				792A934F1E55D4650032D746 /* LinkedList.h */,
				792A93521E55D75A0032D746 /* Queue.h */,
				792A93511E55D75A0032D746 /* Queue.c */,
			);
			path = "TEST-DS";
			sourceTree = "<group>";
		};
/* End PBXGroup section */

/* Begin PBXNativeTarget section */
		79FC43D21E4AEF21006F1FC0 /* TEST-DS */ = {
			isa = PBXNativeTarget;
			buildConfigurationList = 79FC43DA1E4AEF21006F1FC0 /* Build configuration list for PBXNativeTarget "TEST-DS" */;
			buildPhases = (
				79FC43CF1E4AEF21006F1FC0 /* Sources */,
				79FC43D01E4AEF21006F1FC0 /* Frameworks */,
				79FC43D11E4AEF21006F1FC0 /* CopyFiles */,
			);
			buildRules = (
			);
			dependencies = (
			);
			name = "TEST-DS";
			productName = "TEST-DS";
			productReference = 79FC43D31E4AEF21006F1FC0 /* TEST-DS */;
			productType = "com.apple.product-type.tool";
		};
/* End PBXNativeTarget section */

/* Begin PBXProject section */
		79FC43CB1E4AEF21006F1FC0 /* Project object */ = {
			isa = PBXProject;
			attributes = {
				LastUpgradeCheck = 0820;
				ORGANIZATIONNAME = "rahul mahajan";
				TargetAttributes = {
					79FC43D21E4AEF21006F1FC0 = {
						CreatedOnToolsVersion = 8.2;
						ProvisioningStyle = Automatic;
					};
				};
			};
			buildConfigurationList = 79FC43CE1E4AEF21006F1FC0 /* Build configuration list for PBXProject "TEST-DS" */;
			compatibilityVersion = "Xcode 3.2";
			developmentRegion = English;
			hasScannedForEncodings = 0;
			knownRegions = (
				en,
			);
			mainGroup = 79FC43CA1E4AEF21006F1FC0;
			productRefGroup = 79FC43D41E4AEF21006F1FC0 /* Products */;
			projectDirPath = "";
			projectRoot = "";
			targets = (
				79FC43D21E4AEF21006F1FC0 /* TEST-DS */,
			);
		};
/* End PBXProject section */

/* Begin PBXSourcesBuildPhase section */
		79FC43CF1E4AEF21006F1FC0 /* Sources */ = {
			isa = PBXSourcesBuildPhase;
			buildActionMask = 2147483647;
			files = (
				792A934D1E55CC740032D746 /* Stack.c in Sources */,
				792A93531E55D75A0032D746 /* Queue.c in Sources */,
				792A93501E55D4650032D746 /* LinkedList.c in Sources */,
				79FC43D71E4AEF21006F1FC0 /* main.c in Sources */,
			);
			runOnlyForDeploymentPostprocessing = 0;
		};
/* End PBXSourcesBuildPhase section */

/* Begin XCBuildConfiguration section */
		79FC43D81E4AEF21006F1FC0 /* Debug */ = {
			isa = XCBuildConfiguration;
			buildSettings = {
				ALWAYS_SEARCH_USER_PATHS = NO;
				CLANG_ANALYZER_NONNULL = YES;
				CLANG_CXX_LANGUAGE_STANDARD = "gnu++0x";
				CLANG_CXX_LIBRARY = "libc++";
				CLANG_ENABLE_MODULES = YES;
				CLANG_ENABLE_OBJC_ARC = YES;
				CLANG_WARN_BOOL_CONVERSION = YES;
				CLANG_WARN_CONSTANT_CONVERSION = YES;
				CLANG_WARN_DIRECT_OBJC_ISA_USAGE = YES_ERROR;
				CLANG_WARN_DOCUMENTATION_COMMENTS = YES;
				CLANG_WARN_EMPTY_BODY = YES;
				CLANG_WARN_ENUM_CONVERSION = YES;
				CLANG_WARN_INFINITE_RECURSION = YES;
				CLANG_WARN_INT_CONVERSION = YES;
				CLANG_WARN_OBJC_ROOT_CLASS = YES_ERROR;
				CLANG_WARN_SUSPICIOUS_MOVE = YES;
				CLANG_WARN_UNREACHABLE_CODE = YES;
				CLANG_WARN__DUPLICATE_METHOD_MATCH = YES;
				CODE_SIGN_IDENTITY = "-";
				COPY_PHASE_STRIP = NO;
				DEBUG_INFORMATION_FORMAT = dwarf;
				ENABLE_STRICT_OBJC_MSGSEND = YES;
				ENABLE_TESTABILITY = YES;
				GCC_C_LANGUAGE_STANDARD = gnu99;
				GCC_DYNAMIC_NO_PIC = NO;
				GCC_NO_COMMON_BLOCKS = YES;
				GCC_OPTIMIZATION_LEVEL = 0;
				GCC_PREPROCESSOR_DEFINITIONS = (
					"DEBUG=1",
					"$(inherited)",
				);
				GCC_WARN_64_TO_32_BIT_CONVERSION = YES;
				GCC_WARN_ABOUT_RETURN_TYPE = YES_ERROR;
				GCC_WARN_UNDECLARED_SELECTOR = YES;
				GCC_WARN_UNINITIALIZED_AUTOS = YES_AGGRESSIVE;
				GCC_WARN_UNUSED_FUNCTION = YES;
				GCC_WARN_UNUSED_VARIABLE = YES;
				MACOSX_DEPLOYMENT_TARGET = 10.12;
				MTL_ENABLE_DEBUG_INFO = YES;
				ONLY_ACTIVE_ARCH = YES;
				SDKROOT = macosx;
			};
			name = Debug;
		};
		79FC43D91E4AEF21006F1FC0 /* Release */ = {
			isa = XCBuildConfiguration;
			buildSettings = {
				ALWAYS_SEARCH_USER_PATHS = NO;
				CLANG_ANALYZER_NONNULL = YES;
				CLANG_CXX_LANGUAGE_STANDARD = "gnu++0x";
				CLANG_CXX_LIBRARY = "libc++";
				CLANG_ENABLE_MODULES = YES;
				CLANG_ENABLE_OBJC_ARC = YES;
				CLANG_WARN_BOOL_CONVERSION = YES;
				CLANG_WARN_CONSTANT_CONVERSION = YES;
				CLANG_WARN_DIRECT_OBJC_ISA_USAGE = YES_ERROR;
				CLANG_WARN_DOCUMENTATION_COMMENTS = YES;
				CLANG_WARN_EMPTY_BODY = YES;
				CLANG_WARN_ENUM_CONVERSION = YES;
				CLANG_WARN_INFINITE_RECURSION = YES;
				CLANG_WARN_INT_CONVERSION = YES;
				CLANG_WARN_OBJC_ROOT_CLASS = YES_ERROR;
				CLANG_WARN_SUSPICIOUS_MOVE = YES;
				CLANG_WARN_UNREACHABLE_CODE = YES;
				CLANG_WARN__DUPLICATE_METHOD_MATCH = YES;
				CODE_SIGN_IDENTITY = "-";
				COPY_PHASE_STRIP = NO;
				DEBUG_INFORMATION_FORMAT = "dwarf-with-dsym";
				ENABLE_NS_ASSERTIONS = NO;
				ENABLE_STRICT_OBJC_MSGSEND = YES;
				GCC_C_LANGUAGE_STANDARD = gnu99;
				GCC_NO_COMMON_BLOCKS = YES;
				GCC_WARN_64_TO_32_BIT_CONVERSION = YES;
				GCC_WARN_ABOUT_RETURN_TYPE = YES_ERROR;
				GCC_WARN_UNDECLARED_SELECTOR = YES;
				GCC_WARN_UNINITIALIZED_AUTOS = YES_AGGRESSIVE;
				GCC_WARN_UNUSED_FUNCTION = YES;
				GCC_WARN_UNUSED_VARIABLE = YES;
				MACOSX_DEPLOYMENT_TARGET = 10.12;
				MTL_ENABLE_DEBUG_INFO = NO;
				SDKROOT = macosx;
			};
			name = Release;
		};
		79FC43DB1E4AEF21006F1FC0 /* Debug */ = {
			isa = XCBuildConfiguration;
			buildSettings = {
				PRODUCT_NAME = "$(TARGET_NAME)";
			};
			name = Debug;
		};
		79FC43DC1E4AEF21006F1FC0 /* Release */ = {
			isa = XCBuildConfiguration;
			buildSettings = {
				PRODUCT_NAME = "$(TARGET_NAME)";
			};
			name = Release;
		};
/* End XCBuildConfiguration section */

/* Begin XCConfigurationList section */
		79FC43CE1E4AEF21006F1FC0 /* Build configuration list for PBXProject "TEST-DS" */ = {
			isa = XCConfigurationList;
			buildConfigurations = (
				79FC43D81E4AEF21006F1FC0 /* Debug */,
				79FC43D91E4AEF21006F1FC0 /* Release */,
			);
			defaultConfigurationIsVisible = 0;
			defaultConfigurationName = Release;
		};
		79FC43DA1E4AEF21006F1FC0 /* Build configuration list for PBXNativeTarget "TEST-DS" */ = {
			isa = XCConfigurationList;
			buildConfigurations = (
				79FC43DB1E4AEF21006F1FC0 /* Debug */,
				79FC43DC1E4AEF21006F1FC0 /* Release */,
			);
			defaultConfigurationIsVisible = 0;
			defaultConfigurationName = Release;
		};
/* End XCConfigurationList section */
	};
	rootObject = 79FC43CB1E4AEF21006F1FC0 /* Project object */;
}
